
Microsoft Visual Studio Solution File, Format Version 12.00
# Visual Studio Version 16
VisualStudioVersion = 16.0.30907.101
MinimumVisualStudioVersion = 10.0.40219.1
Project("{FAE04EC0-301F-11D3-BF4B-00C04F79EFBC}") = "HW3", "HW3\HW3.csproj", "{AF5BB43C-A361-49CE-9E7D-36DD7F299AAD}"
EndProject
Global
	GlobalSection(SolutionConfigurationPlatforms) = preSolution
		Debug|Any CPU = Debug|Any CPU
		Release|Any CPU = Release|Any CPU
	EndGlobalSection
	GlobalSection(ProjectConfigurationPlatforms) = postSolution
		{AF5BB43C-A361-49CE-9E7D-36DD7F299AAD}.Debug|Any CPU.ActiveCfg = Debug|Any CPU
		{AF5BB43C-A361-49CE-9E7D-36DD7F299AAD}.Debug|Any CPU.Build.0 = Debug|Any CPU
		{AF5BB43C-A361-49CE-9E7D-36DD7F299AAD}.Release|Any CPU.ActiveCfg = Release|Any CPU
		{AF5BB43C-A361-49CE-9E7D-36DD7F299AAD}.Release|Any CPU.Build.0 = Release|Any CPU
	EndGlobalSection
	GlobalSection(SolutionProperties) = preSolution
		HideSolutionNode = FALSE
	EndGlobalSection
	GlobalSection(ExtensibilityGlobals) = postSolution
		SolutionGuid = {7CF9D030-8C80-4071-AE7D-678E7FDF03D2}
	EndGlobalSection
EndGlobal
